
Microsoft Visual Studio Solution File, Format Version 12.00
# Visual Studio Version 16
VisualStudioVersion = 16.0.34301.259
MinimumVisualStudioVersion = 10.0.40219.1
Project("{FAE04EC0-301F-11D3-BF4B-00C04F79EFBC}") = "BRANCHING_ASSIGNMENT", "BRANCHING_ASSIGNMENT\BRANCHING_ASSIGNMENT.csproj", "{804A1762-F79D-457E-BD44-54F2F9FF2368}"
EndProject
Global
	GlobalSection(SolutionConfigurationPlatforms) = preSolution
		Debug|Any CPU = Debug|Any CPU
		Release|Any CPU = Release|Any CPU
	EndGlobalSection
	GlobalSection(ProjectConfigurationPlatforms) = postSolution
		{804A1762-F79D-457E-BD44-54F2F9FF2368}.Debug|Any CPU.ActiveCfg = Debug|Any CPU
		{804A1762-F79D-457E-BD44-54F2F9FF2368}.Debug|Any CPU.Build.0 = Debug|Any CPU
		{804A1762-F79D-457E-BD44-54F2F9FF2368}.Release|Any CPU.ActiveCfg = Release|Any CPU
		{804A1762-F79D-457E-BD44-54F2F9FF2368}.Release|Any CPU.Build.0 = Release|Any CPU
	EndGlobalSection
	GlobalSection(SolutionProperties) = preSolution
		HideSolutionNode = FALSE
	EndGlobalSection
	GlobalSection(ExtensibilityGlobals) = postSolution
		SolutionGuid = {BE345F72-DDD8-4744-9794-7077655BF789}
	EndGlobalSection
EndGlobal
