
Microsoft Visual Studio Solution File, Format Version 12.00
# Visual Studio Version 16
VisualStudioVersion = 16.0.34301.259
MinimumVisualStudioVersion = 10.0.40219.1
Project("{FAE04EC0-301F-11D3-BF4B-00C04F79EFBC}") = "Iteration_Assignment", "Iteration_Assignment\Iteration_Assignment.csproj", "{9FF15A6F-BADE-4A81-8A26-FEEEEF77D03D}"
EndProject
Global
	GlobalSection(SolutionConfigurationPlatforms) = preSolution
		Debug|Any CPU = Debug|Any CPU
		Release|Any CPU = Release|Any CPU
	EndGlobalSection
	GlobalSection(ProjectConfigurationPlatforms) = postSolution
		{9FF15A6F-BADE-4A81-8A26-FEEEEF77D03D}.Debug|Any CPU.ActiveCfg = Debug|Any CPU
		{9FF15A6F-BADE-4A81-8A26-FEEEEF77D03D}.Debug|Any CPU.Build.0 = Debug|Any CPU
		{9FF15A6F-BADE-4A81-8A26-FEEEEF77D03D}.Release|Any CPU.ActiveCfg = Release|Any CPU
		{9FF15A6F-BADE-4A81-8A26-FEEEEF77D03D}.Release|Any CPU.Build.0 = Release|Any CPU
	EndGlobalSection
	GlobalSection(SolutionProperties) = preSolution
		HideSolutionNode = FALSE
	EndGlobalSection
	GlobalSection(ExtensibilityGlobals) = postSolution
		SolutionGuid = {A3C0679F-0F2F-40FE-80FC-101CE0CE3435}
	EndGlobalSection
EndGlobal
