
Microsoft Visual Studio Solution File, Format Version 12.00
# Visual Studio Version 16
VisualStudioVersion = 16.0.34301.259
MinimumVisualStudioVersion = 10.0.40219.1
Project("{FAE04EC0-301F-11D3-BF4B-00C04F79EFBC}") = "Loops_Exercise", "Loops_Exercise\Loops_Exercise.csproj", "{2132F125-C6F5-48C6-A173-7AE92EC271A3}"
EndProject
Global
	GlobalSection(SolutionConfigurationPlatforms) = preSolution
		Debug|Any CPU = Debug|Any CPU
		Release|Any CPU = Release|Any CPU
	EndGlobalSection
	GlobalSection(ProjectConfigurationPlatforms) = postSolution
		{2132F125-C6F5-48C6-A173-7AE92EC271A3}.Debug|Any CPU.ActiveCfg = Debug|Any CPU
		{2132F125-C6F5-48C6-A173-7AE92EC271A3}.Debug|Any CPU.Build.0 = Debug|Any CPU
		{2132F125-C6F5-48C6-A173-7AE92EC271A3}.Release|Any CPU.ActiveCfg = Release|Any CPU
		{2132F125-C6F5-48C6-A173-7AE92EC271A3}.Release|Any CPU.Build.0 = Release|Any CPU
	EndGlobalSection
	GlobalSection(SolutionProperties) = preSolution
		HideSolutionNode = FALSE
	EndGlobalSection
	GlobalSection(ExtensibilityGlobals) = postSolution
		SolutionGuid = {022051FF-00B6-483E-896A-4D933D51EE63}
	EndGlobalSection
EndGlobal
