
Microsoft Visual Studio Solution File, Format Version 12.00
# Visual Studio Version 16
VisualStudioVersion = 16.0.34301.259
MinimumVisualStudioVersion = 10.0.40219.1
Project("{FAE04EC0-301F-11D3-BF4B-00C04F79EFBC}") = "BooleanLogicAssignment", "BooleanLogicAssignment\BooleanLogicAssignment.csproj", "{07BD4C47-D3D3-4E29-A323-D19B6E157CEA}"
EndProject
Global
	GlobalSection(SolutionConfigurationPlatforms) = preSolution
		Debug|Any CPU = Debug|Any CPU
		Release|Any CPU = Release|Any CPU
	EndGlobalSection
	GlobalSection(ProjectConfigurationPlatforms) = postSolution
		{07BD4C47-D3D3-4E29-A323-D19B6E157CEA}.Debug|Any CPU.ActiveCfg = Debug|Any CPU
		{07BD4C47-D3D3-4E29-A323-D19B6E157CEA}.Debug|Any CPU.Build.0 = Debug|Any CPU
		{07BD4C47-D3D3-4E29-A323-D19B6E157CEA}.Release|Any CPU.ActiveCfg = Release|Any CPU
		{07BD4C47-D3D3-4E29-A323-D19B6E157CEA}.Release|Any CPU.Build.0 = Release|Any CPU
	EndGlobalSection
	GlobalSection(SolutionProperties) = preSolution
		HideSolutionNode = FALSE
	EndGlobalSection
	GlobalSection(ExtensibilityGlobals) = postSolution
		SolutionGuid = {948471FF-D2DD-407D-BE6A-6E44C908561B}
	EndGlobalSection
EndGlobal
