
Microsoft Visual Studio Solution File, Format Version 12.00
# Visual Studio Version 16
VisualStudioVersion = 16.0.34301.259
MinimumVisualStudioVersion = 10.0.40219.1
Project("{FAE04EC0-301F-11D3-BF4B-00C04F79EFBC}") = "TwentyOneGame_Classes_And_Objects", "TwentyOneGame_Classes_And_Objects\TwentyOneGame_Classes_And_Objects.csproj", "{64BA239E-40FA-42CE-855B-E88CBAFF56BC}"
EndProject
Global
	GlobalSection(SolutionConfigurationPlatforms) = preSolution
		Debug|Any CPU = Debug|Any CPU
		Release|Any CPU = Release|Any CPU
	EndGlobalSection
	GlobalSection(ProjectConfigurationPlatforms) = postSolution
		{64BA239E-40FA-42CE-855B-E88CBAFF56BC}.Debug|Any CPU.ActiveCfg = Debug|Any CPU
		{64BA239E-40FA-42CE-855B-E88CBAFF56BC}.Debug|Any CPU.Build.0 = Debug|Any CPU
		{64BA239E-40FA-42CE-855B-E88CBAFF56BC}.Release|Any CPU.ActiveCfg = Release|Any CPU
		{64BA239E-40FA-42CE-855B-E88CBAFF56BC}.Release|Any CPU.Build.0 = Release|Any CPU
	EndGlobalSection
	GlobalSection(SolutionProperties) = preSolution
		HideSolutionNode = FALSE
	EndGlobalSection
	GlobalSection(ExtensibilityGlobals) = postSolution
		SolutionGuid = {DB2CF188-D4C4-4F54-96AF-8A109FB19BF8}
	EndGlobalSection
EndGlobal
