
Microsoft Visual Studio Solution File, Format Version 12.00
# Visual Studio Version 16
VisualStudioVersion = 16.0.34301.259
MinimumVisualStudioVersion = 10.0.40219.1
Project("{8BC9CEB8-8B4A-11D0-8D11-00A0C91BC942}") = "Class_Methods_Inside_Outside", "Class_Methods_Inside_Outside\Class_Methods_Inside_Outside.vcxproj", "{AE3E4E2E-71F1-46B6-A9E7-B00B1575775A}"
EndProject
Global
	GlobalSection(SolutionConfigurationPlatforms) = preSolution
		Debug|x64 = Debug|x64
		Debug|x86 = Debug|x86
		Release|x64 = Release|x64
		Release|x86 = Release|x86
	EndGlobalSection
	GlobalSection(ProjectConfigurationPlatforms) = postSolution
		{AE3E4E2E-71F1-46B6-A9E7-B00B1575775A}.Debug|x64.ActiveCfg = Debug|x64
		{AE3E4E2E-71F1-46B6-A9E7-B00B1575775A}.Debug|x64.Build.0 = Debug|x64
		{AE3E4E2E-71F1-46B6-A9E7-B00B1575775A}.Debug|x86.ActiveCfg = Debug|Win32
		{AE3E4E2E-71F1-46B6-A9E7-B00B1575775A}.Debug|x86.Build.0 = Debug|Win32
		{AE3E4E2E-71F1-46B6-A9E7-B00B1575775A}.Release|x64.ActiveCfg = Release|x64
		{AE3E4E2E-71F1-46B6-A9E7-B00B1575775A}.Release|x64.Build.0 = Release|x64
		{AE3E4E2E-71F1-46B6-A9E7-B00B1575775A}.Release|x86.ActiveCfg = Release|Win32
		{AE3E4E2E-71F1-46B6-A9E7-B00B1575775A}.Release|x86.Build.0 = Release|Win32
	EndGlobalSection
	GlobalSection(SolutionProperties) = preSolution
		HideSolutionNode = FALSE
	EndGlobalSection
	GlobalSection(ExtensibilityGlobals) = postSolution
		SolutionGuid = {EC475085-3D81-4F09-9476-A76BE296927E}
	EndGlobalSection
EndGlobal
